
Microsoft Visual Studio Solution File, Format Version 12.00
# Visual Studio Version 17
VisualStudioVersion = 17.3.32901.215
MinimumVisualStudioVersion = 10.0.40219.1
Project("{FAE04EC0-301F-11D3-BF4B-00C04F79EFBC}") = "JFA.Mapper", "JFA.Mapper\JFA.Mapper.csproj", "{138F9505-7612-4BFC-A460-390FCFAAFB79}"
EndProject
Project("{FAE04EC0-301F-11D3-BF4B-00C04F79EFBC}") = "JFA.Mapper.Sample", "JFA.Mapper.Sample\JFA.Mapper.Sample.csproj", "{17D51EDC-F4A1-4908-8E34-FD97AD2C7DF6}"
EndProject
Global
	GlobalSection(SolutionConfigurationPlatforms) = preSolution
		Debug|Any CPU = Debug|Any CPU
		Release|Any CPU = Release|Any CPU
	EndGlobalSection
	GlobalSection(ProjectConfigurationPlatforms) = postSolution
		{138F9505-7612-4BFC-A460-390FCFAAFB79}.Debug|Any CPU.ActiveCfg = Debug|Any CPU
		{138F9505-7612-4BFC-A460-390FCFAAFB79}.Debug|Any CPU.Build.0 = Debug|Any CPU
		{138F9505-7612-4BFC-A460-390FCFAAFB79}.Release|Any CPU.ActiveCfg = Release|Any CPU
		{138F9505-7612-4BFC-A460-390FCFAAFB79}.Release|Any CPU.Build.0 = Release|Any CPU
		{17D51EDC-F4A1-4908-8E34-FD97AD2C7DF6}.Debug|Any CPU.ActiveCfg = Debug|Any CPU
		{17D51EDC-F4A1-4908-8E34-FD97AD2C7DF6}.Debug|Any CPU.Build.0 = Debug|Any CPU
		{17D51EDC-F4A1-4908-8E34-FD97AD2C7DF6}.Release|Any CPU.ActiveCfg = Release|Any CPU
		{17D51EDC-F4A1-4908-8E34-FD97AD2C7DF6}.Release|Any CPU.Build.0 = Release|Any CPU
	EndGlobalSection
	GlobalSection(SolutionProperties) = preSolution
		HideSolutionNode = FALSE
	EndGlobalSection
	GlobalSection(ExtensibilityGlobals) = postSolution
		SolutionGuid = {132F8C08-2A4B-4411-A6B8-07D20E809857}
	EndGlobalSection
EndGlobal
